version = 1
revision = 3
requires-python = ">=3.15"

[[package]]
name = "mdstats"
version = "1.12.2"
source = { virtual = "." }
dependencies = [
    { name = "mss" },
    { name = "numpy" },
    { name = "opencv-python" },
    { name = "pyside6" },
    { name = "pywin32" },
]

[package.metadata]
requires-dist = [
    { name = "mss", specifier = ">=10.2.0" },
    { name = "numpy", specifier = "==2.5.3" },
    { name = "opencv-python", specifier = ">=5.0.0.93" },
    { name = "pyside6", specifier = "==6.12.0" },
    { name = "pywin32", specifier = ">=312" },
]

[[package]]
name = "mss"
version = "10.2.0"
source = { registry = "https://pypi.org/simple" }
sdist = { url = "https://files.pythonhosted.org/packages/e5/5d/eee782a6d674f562c946ae6a026f4c595ea2b7b031f290bf9fbf60da09b5/mss-10.2.0.tar.gz", hash = "sha256:ab271860775545e62f29d7b11f82f279ac1048f5bbdd26cfad84830208dbd393", size = 200317, upload-time = "2026-04-23T10:44:57.305Z" }
wheels = [
    { url = "https://files.pythonhosted.org/packages/f2/c3/313e14f245c79b4c05bd0f3a84a4813aa26fa10f8993aebd91d04c5fad3f/mss-10.2.0-py3-none-any.whl", hash = "sha256:e79f428899280e7e64e38365b5bfed683851ebea807eeaeadaf06eb8e0d67197", size = 67106, upload-time = "2026-04-23T10:44:56.266Z" },
]

[[package]]
name = "numpy"
version = "2.5.3"
source = { registry = "https://pypi.org/simple" }
sdist = { url = "https://files.pythonhosted.org/packages/13/01/11703282db468b85f6f7b8c7f22d058de5970d5c7e60a3a8aaa313c3de36/numpy-2.5.3.tar.gz", hash = "sha256:df2d5874ff183595a4ba404edd04f6bd9b5505c1d7708573f6a6c17489a67563", size = 20791231, upload-time = "2026-09-06T16:27:47.073Z" }
wheels = [
    { url = "https://files.pythonhosted.org/packages/45/56/78194492883ff5eec90423fe56a3a44b154da047d88a6307f629713c584f/numpy-2.5.3-cp315-cp315-macosx_10_15_x86_64.whl", hash = "sha256:a6391fafaba97500887132cd582abc6e19452b1ac775a47caa7b24490e152058", size = 16996531, upload-time = "2026-09-06T16:26:37.287Z" },
    { url = "https://files.pythonhosted.org/packages/11/39/dd55c0af90bbab564b09ae3b0aa60ec5c02b900fa4f1ba23440525c8b32d/numpy-2.5.3-cp315-cp315-macosx_11_0_arm64.whl", hash = "sha256:09d5a423c71ad5feb5625844ad58050e35df43871004b52ac9c0ad44a56775be", size = 12012569, upload-time = "2026-09-06T16:26:40.707Z" },
    { url = "https://files.pythonhosted.org/packages/b6/51/04f67d32e4862b281b1cb84ceeaed3421189a84fb6fb51a391cd6d5009f7/numpy-2.5.3-cp315-cp315-macosx_14_0_arm64.whl", hash = "sha256:f9579f383d1bf9df80081e72760e84960a7fd4f88cf0c9e535a8597c9bb646f5", size = 5448498, upload-time = "2026-09-06T16:26:43.435Z" },
    { url = "https://files.pythonhosted.org/packages/a3/c9/25b4dc0dd1344ec26c7319e84fd4e9809d2b5628f4e12decd618036e5178/numpy-2.5.3-cp315-cp315-macosx_14_0_x86_64.whl", hash = "sha256:86bff898a431c0fb71f7610b75726e75a54d47b37edc9d537f48de63bb3c0b90", size = 6783026, upload-time = "2026-09-06T16:26:46.374Z" },
    { url = "https://files.pythonhosted.org/packages/fc/c7/29285be1e5232a6e7ee3268a33c85843f5a8ee93350c6465cddd66ebbf76/numpy-2.5.3-cp315-cp315-manylinux_2_27_aarch64.manylinux_2_28_aarch64.whl", hash = "sha256:1f3ed25271581281f2fccb1adcedfcde4c07362eec69189b50baf6f90e3ae159", size = 15697322, upload-time = "2026-09-06T16:26:49.415Z" },
    { url = "https://files.pythonhosted.org/packages/55/49/bbad5335fb4996a16881f853ff3e0ba582f01720e55c89b1c06b8fc42a90/numpy-2.5.3-cp315-cp315-manylinux_2_27_x86_64.manylinux_2_28_x86_64.whl", hash = "sha256:ffdc76bfcae6b255dff75202c5e7feaf95b40246bc0a17944facc1fecf9f79ab", size = 16708995, upload-time = "2026-09-06T16:26:53.127Z" },
    { url = "https://files.pythonhosted.org/packages/ef/e9/1df35483760b04a65ea44669f89dc64f30e5aca098b48ceb8b1310b0e0fe/numpy-2.5.3-cp315-cp315-musllinux_1_2_aarch64.whl", hash = "sha256:116f96cadd935c6122e9228d676fe7ede19e741f5c8bb1c3cddbe0c51ccebea2", size = 17052508, upload-time = "2026-09-06T16:26:56.464Z" },
    { url = "https://files.pythonhosted.org/packages/b8/99/66e54da8265cc8be8a7382bf96edce17aaa2837d6f484432025932a3caa5/numpy-2.5.3-cp315-cp315-musllinux_1_2_x86_64.whl", hash = "sha256:09ffa5d903faeaa5c4dd05009cf81c8bab9f2cb37c548b8d39b65b4cfa7c97f7", size = 18468224, upload-time = "2026-09-06T16:26:59.966Z" },
    { url = "https://files.pythonhosted.org/packages/01/bc/b5e90a91c115168d793dfd2ad9c69c438c2fe7a13a437e770bc5b078e732/numpy-2.5.3-cp315-cp315-win32.whl", hash = "sha256:e01c918ac3d48e18a927cf7b14a26a3e29ff2bdf2eacb976da0aecd6a43ed034", size = 6179919, upload-time = "2026-09-06T16:27:03.166Z" },
    { url = "https://files.pythonhosted.org/packages/37/ea/780748fd3985109075514ef8fc64cd25f943e40dde13a6d59141eb268fc8/numpy-2.5.3-cp315-cp315-win_amd64.whl", hash = "sha256:e931e4f499e0dc7ef29d269a8e5b35dd722e5d14be07df6240166ea7c6532fae", size = 12697656, upload-time = "2026-09-06T16:27:06.153Z" },
    { url = "https://files.pythonhosted.org/packages/b3/16/407be69a2a87c8cab64d95975a8977a426a29e138f07e276ec258f0fe4e5/numpy-2.5.3-cp315-cp315-win_arm64.whl", hash = "sha256:26e15e4aecd8617dfbaecb37d223e365d7b39411fba20454be2670a96aa74cb5", size = 10767601, upload-time = "2026-09-06T16:27:09.297Z" },
    { url = "https://files.pythonhosted.org/packages/44/bf/a97ffb01e41d50a32a9177aef942a4d0e389a3daf451d04e5f38ef6afb87/numpy-2.5.3-cp315-cp315t-macosx_10_15_x86_64.whl", hash = "sha256:6cef4bb1706dfec49243c05d921eefb4e190d41e2528b30d8035ea1f36b4c24a", size = 17090092, upload-time = "2026-09-06T16:27:12.907Z" },
    { url = "https://files.pythonhosted.org/packages/d1/24/136c02f2c2af9a067a84d0c3aa10c99012c0476fa5066732fa4a4202557d/numpy-2.5.3-cp315-cp315t-macosx_11_0_arm64.whl", hash = "sha256:d1c89973648c85069c5046ad460f7b8a00218b29a2e42359ac8cc63e9ab94832", size = 12129429, upload-time = "2026-09-06T16:27:16.089Z" },
    { url = "https://files.pythonhosted.org/packages/fe/6c/b47582d6597789bf946d5efbeb6b9e56fd8bcbd5efc6fbf51dbe1ea31eb3/numpy-2.5.3-cp315-cp315t-macosx_14_0_arm64.whl", hash = "sha256:214045a5bf00113a146ab9ee9730c44501af6723cdf1f6830932f7b5ef2e7af0", size = 5565452, upload-time = "2026-09-06T16:27:19.868Z" },
    { url = "https://files.pythonhosted.org/packages/be/b4/ef3cc6da73774202d4deae16bb321fd8298a4e0561e3539f8c4be237d916/numpy-2.5.3-cp315-cp315t-macosx_14_0_x86_64.whl", hash = "sha256:8617bbfae4486cf99c9f899966699428d19da931d06ca94ad3da986c76e15997", size = 6876736, upload-time = "2026-09-06T16:27:22.232Z" },
    { url = "https://files.pythonhosted.org/packages/9e/24/e3813329498596cb842703dcacac1741612ed9fb9c4e6a3e0c7e2ebbc597/numpy-2.5.3-cp315-cp315t-manylinux_2_27_aarch64.manylinux_2_28_aarch64.whl", hash = "sha256:595d020938c84e320bcf40ad71089e108eac0d377cd018e14a8c094f39e98d85", size = 15745777, upload-time = "2026-09-06T16:27:25.181Z" },
    { url = "https://files.pythonhosted.org/packages/4a/9e/4e7a07fd0776dc2210cdacf2010be8665194d094defc10c419d7dea794cc/numpy-2.5.3-cp315-cp315t-manylinux_2_27_x86_64.manylinux_2_28_x86_64.whl", hash = "sha256:6f24021b9f22bc6301c37b196974a92c1c18dccedb6fef3dd252e95f2d6adbe4", size = 16746949, upload-time = "2026-09-06T16:27:28.576Z" },
    { url = "https://files.pythonhosted.org/packages/91/db/01674c0e20335057813a00c2ebd546ed25bff9ed7914f9bced00f8c55d94/numpy-2.5.3-cp315-cp315t-musllinux_1_2_aarch64.whl", hash = "sha256:71b39d9f935b6ec0f8753e3e2afb51e3efba6f2e05b68b32a40754d24bcd4a3c", size = 17108994, upload-time = "2026-09-06T16:27:31.946Z" },
    { url = "https://files.pythonhosted.org/packages/45/7a/584c5e71f8d378e57cac0b033891ed65c683ef90573ba4854e8c28203db0/numpy-2.5.3-cp315-cp315t-musllinux_1_2_x86_64.whl", hash = "sha256:6b05c171afb3aa07adbd20abc00aea86fe375beb0fdb9ef780ec5b7f63bab1c0", size = 18512266, upload-time = "2026-09-06T16:27:35.196Z" },
    { url = "https://files.pythonhosted.org/packages/a1/d2/4e1014173aa3c55e6a756e0e567290743a6ab33a288460374d7ef6bcd239/numpy-2.5.3-cp315-cp315t-win32.whl", hash = "sha256:f54660b0eb6b0b9f36e7fe1cdfdff472028dd0d14acd9b9b65098efbad059469", size = 6330292, upload-time = "2026-09-06T16:27:38.149Z" },
    { url = "https://files.pythonhosted.org/packages/6c/b0/ff5658a58199b7bcaad87bf260eef6713d9d42cca4e028f935b4fc5fbac6/numpy-2.5.3-cp315-cp315t-win_amd64.whl", hash = "sha256:1aad64d99730d013cfc6debafed22783b4fc5a7f4b8bc744d2d8cf7dcc880551", size = 12884918, upload-time = "2026-09-06T16:27:40.965Z" },
    { url = "https://files.pythonhosted.org/packages/fb/0b/b12a2df5d1b774bd9007a6fdff9381145b6223d37f11afc9c37ab0efd9a1/numpy-2.5.3-cp315-cp315t-win_arm64.whl", hash = "sha256:befa1ae5bd6030b3f512b43ff3fa5290bbed6b84411a44244b14adf835f5b89d", size = 10850807, upload-time = "2026-09-06T16:27:43.868Z" },
]

[[package]]
name = "opencv-python"
version = "5.0.0.93"
source = { registry = "https://pypi.org/simple" }
dependencies = [
    { name = "numpy" },
]
sdist = { url = "https://files.pythonhosted.org/packages/79/4c/a438d23e09ce2033c09f7b784ad2fbdb0adf529e434101ed28f142226f98/opencv_python-5.0.0.93.tar.gz", hash = "sha256:66aac3e5b5faa48d4025816592f3af19e4bfc2c68dec067bae2dbb4ca10aa9e2", size = 81802749, upload-time = "2026-07-02T06:59:53.815Z" }
wheels = [
    { url = "https://files.pythonhosted.org/packages/9c/75/76f6ade78f6102c61034f828e2a22616708df2c9504bc8d6af9dd8f73dc5/opencv_python-5.0.0.93-cp37-abi3-macosx_13_0_arm64.whl", hash = "sha256:198a75138241810206a17c829dbcc40a7cb1841cda538ca86cbbfc6c7d95f898", size = 48322443, upload-time = "2026-07-02T05:50:25.466Z" },
    { url = "https://files.pythonhosted.org/packages/15/8c/bc1bda6aae69a32e9d84fc34153ba104cd25226861eb4aea33b2cea4860d/opencv_python-5.0.0.93-cp37-abi3-macosx_14_0_x86_64.whl", hash = "sha256:6bbc32f59e1b1a7db7b39c81f63d00625f041d333037fd8702f6da52cc39108b", size = 34782755, upload-time = "2026-07-02T05:51:30.556Z" },
    { url = "https://files.pythonhosted.org/packages/f4/8a/b04776ec45d2dea08a1b176f1829201db3515d4ed16c35f8fcc9fa7beb16/opencv_python-5.0.0.93-cp37-abi3-manylinux2014_aarch64.manylinux_2_17_aarch64.whl", hash = "sha256:e2b4272e736836f66c2d176e43ab8101f3a00d45654916399f52e150c58981ac", size = 50614064, upload-time = "2026-07-02T06:53:22.604Z" },
    { url = "https://files.pythonhosted.org/packages/95/54/eb47866b94f2b5b42dde17644b78055ef1ee05aae59962c7290e55270803/opencv_python-5.0.0.93-cp37-abi3-manylinux2014_x86_64.manylinux_2_17_x86_64.whl", hash = "sha256:f8b6d0a212253dd26ad338c812f1f23ca118fdf05a9c8c6b9444f161aa8c5881", size = 71064711, upload-time = "2026-07-02T06:54:13.148Z" },
    { url = "https://files.pythonhosted.org/packages/93/da/962579f1e703cbf8c5422fd1f576467dcb3b5b0b0b81c1471c979764353a/opencv_python-5.0.0.93-cp37-abi3-manylinux_2_28_aarch64.whl", hash = "sha256:08d5d91d967b58d6db86073b2ad3eaef88ca4ebdfd45c9059bf59f5ded0c7ad2", size = 49798576, upload-time = "2026-07-02T06:54:33.781Z" },
    { url = "https://files.pythonhosted.org/packages/cf/4c/c73f828fdbcd37eaf21d08fa852544a3ca7c2dbb3ea76873d64f2ea413d1/opencv_python-5.0.0.93-cp37-abi3-manylinux_2_28_x86_64.whl", hash = "sha256:c8de2dec111122a02e8beb28e16c31904992dfd6186560b142a92c71403c1039", size = 73783032, upload-time = "2026-07-02T06:55:03.415Z" },
    { url = "https://files.pythonhosted.org/packages/e2/4b/edaf83b996ca5a1a3d8ccad485706b9c6d4742b13b9c4586bf1c1e7d9423/opencv_python-5.0.0.93-cp37-abi3-win32.whl", hash = "sha256:4b4b1a34c79bf8d3738e3cfe9a9e67b51a79663f6b692cbdad8c31f570da4157", size = 35564734, upload-time = "2026-07-02T05:49:57.704Z" },
    { url = "https://files.pythonhosted.org/packages/21/f0/9fa6e85cb10c8eb36a0222d27e50fe381b86ce49a55446bf39f491727564/opencv_python-5.0.0.93-cp37-abi3-win_amd64.whl", hash = "sha256:f90ba04b8f73bc5c3814037699739f0156f597338a98f05956c684e7c3ca10d2", size = 44000345, upload-time = "2026-07-02T05:49:54.971Z" },
]

[[package]]
name = "pyside6"
version = "6.12.0"
source = { registry = "https://pypi.org/simple" }
dependencies = [
    { name = "pyside6-addons" },
    { name = "pyside6-essentials" },
    { name = "pyside6-pdf" },
    { name = "pyside6-webengine" },
]
wheels = [
    { url = "https://files.pythonhosted.org/packages/fa/db/0722bbb81c3515dd0847fd66a7fb4760b13ad59c89e40b27b362ab5624e2/pyside6-6.12.0-cp310-abi3-macosx_14_0_universal2.whl", hash = "sha256:efea4c2f2aa54403c45de825865a902a1960a1cc9d5aaa92d4ebb8f4c4cd0708", size = 577475, upload-time = "2026-10-08T09:11:15.222Z" },
    { url = "https://files.pythonhosted.org/packages/2f/53/db0cabed1e70d0bc4666b8cbc2611b72bff2f9d2c4813820182621a8c6ee/pyside6-6.12.0-cp310-abi3-manylinux_2_34_x86_64.whl", hash = "sha256:d13ed4d0053cc20f3e4e0fdbf12790a9b7f958d7e22c0843411ecfa8c799e2a9", size = 577709, upload-time = "2026-10-08T09:11:17.345Z" },
    { url = "https://files.pythonhosted.org/packages/4d/8c/dfd4f339285d2e6c31067789b9b7dd2cee26c098ecc78ac7200fb04aa344/pyside6-6.12.0-cp310-abi3-manylinux_2_39_aarch64.whl", hash = "sha256:8920e163f60493e18822d20f1e01c7c4bcf9c1c5cfbc68284788896f692594f8", size = 577708, upload-time = "2026-10-08T09:11:18.705Z" },
    { url = "https://files.pythonhosted.org/packages/a1/da/8e8514fc29ea916c3cd71a524480b77409e19ed12d709e8a5d73be089b81/pyside6-6.12.0-cp310-abi3-win_amd64.whl", hash = "sha256:31a8d2893f2f28ab483b1534dde0438f27af6e234593de30425cb4729052d8f8", size = 578958, upload-time = "2026-10-08T09:11:20.179Z" },
    { url = "https://files.pythonhosted.org/packages/5f/2e/3ebafaf7f4ccea6f6ea9d017f7fc7d9484b79e6b31d1cb92f5f5262055f0/pyside6-6.12.0-cp310-abi3-win_arm64.whl", hash = "sha256:22e2ec6407f32b61955a28f91ab55676e60017210285c28f0c381bfeed389414", size = 562743, upload-time = "2026-10-08T09:11:21.552Z" },
]

[[package]]
name = "pyside6-addons"
version = "6.12.0"
source = { registry = "https://pypi.org/simple" }
dependencies = [
    { name = "pyside6-essentials" },
]
wheels = [
    { url = "https://files.pythonhosted.org/packages/c3/16/c401d6455dbf49df37a8b142883e12d446abf51919c3e0ef5d9570e29160/pyside6_addons-6.12.0-cp310-abi3-macosx_14_0_universal2.whl", hash = "sha256:1d9bcd294ce1c9829194c7d13b01f771a2254b86cb3462cc3399321d2797fdac", size = 90545550, upload-time = "2026-10-08T09:08:14.778Z" },
    { url = "https://files.pythonhosted.org/packages/ff/3e/0d6c5934de575286ac0699a701d4155048185035b8da0ee78d57a38bc7ef/pyside6_addons-6.12.0-cp310-abi3-manylinux_2_34_x86_64.whl", hash = "sha256:4ab38c0017f0453671a9313d3a53ca1c0e378924f54b07e596bcea94a9642391", size = 59192702, upload-time = "2026-10-08T09:08:21.13Z" },
    { url = "https://files.pythonhosted.org/packages/94/14/b6c5683614601448c3ea8f19613ca378db75158ba594b662a8a8041e3e5f/pyside6_addons-6.12.0-cp310-abi3-manylinux_2_39_aarch64.whl", hash = "sha256:48cd0b639c06c9f79685f340ccae4319614b66d6efcdf06c2ce3836790d8c46e", size = 63646547, upload-time = "2026-10-08T09:08:26.921Z" },
    { url = "https://files.pythonhosted.org/packages/02/41/ba3d52fe2acd942ebf71eb02b3bdf0897f7f6f4ce8f52289cb50228e48d3/pyside6_addons-6.12.0-cp310-abi3-win_amd64.whl", hash = "sha256:98d8d62010da6605344cee83e5c96fb846170a1f2d924523f10f5d92078b02b0", size = 40522402, upload-time = "2026-10-08T09:08:31.678Z" },
    { url = "https://files.pythonhosted.org/packages/ea/73/860ab764368cd59b1a09cb891a9a4519425395ad1f6c47d83fde908fe603/pyside6_addons-6.12.0-cp310-abi3-win_arm64.whl", hash = "sha256:3c079cbaad2ad28bc5bfa92fd6bac4ba28d622b825825e3b4220f0682599b2db", size = 35940682, upload-time = "2026-10-08T09:08:35.424Z" },
]

[[package]]
name = "pyside6-essentials"
version = "6.12.0"
source = { registry = "https://pypi.org/simple" }
dependencies = [
    { name = "shiboken6" },
]
wheels = [
    { url = "https://files.pythonhosted.org/packages/e1/90/d528f8dd3f9f20712bc719e10c698d27c998e1dd76ed3f33b6fb606d0972/pyside6_essentials-6.12.0-cp310-abi3-macosx_14_0_universal2.whl", hash = "sha256:0867b709a724db28b161227c7d6ecb5ed10cc09226a53542417ac6dee1308239", size = 116002775, upload-time = "2026-10-08T09:09:54.453Z" },
    { url = "https://files.pythonhosted.org/packages/7b/3c/7597d8dcb36aa8315427635ec6ec9d850ffbad4ce78b9118ac854889f2d3/pyside6_essentials-6.12.0-cp310-abi3-manylinux_2_34_x86_64.whl", hash = "sha256:16f4b5e41daf49235ae048458243da9efe5f3d8040f9cc5aa454ce69893d3bd9", size = 84346433, upload-time = "2026-10-08T09:10:02.825Z" },
    { url = "https://files.pythonhosted.org/packages/5e/4e/f4fd4c016719be832ec49d3c87940459e87fd666179a0a199a3998d07916/pyside6_essentials-6.12.0-cp310-abi3-manylinux_2_39_aarch64.whl", hash = "sha256:08c5841063fc1df69b7fa1ee405f539e66576a83fc48004be3e2c5e35ccbfa69", size = 83810102, upload-time = "2026-10-08T09:10:09.13Z" },
    { url = "https://files.pythonhosted.org/packages/03/61/9a7e32a37b224f68506785bfb0f288d516098ec71681782d72b695a6c95d/pyside6_essentials-6.12.0-cp310-abi3-win_amd64.whl", hash = "sha256:c9a95102aa23c1f86516a30d5a9be37552d324eee7e567eb7508973f1218cb42", size = 82153795, upload-time = "2026-10-08T09:10:15.104Z" },
    { url = "https://files.pythonhosted.org/packages/92/11/43afb3d0e7c25dd09f0eb7e44f1283dadb5fa8d8b517249fe3fde02e6702/pyside6_essentials-6.12.0-cp310-abi3-win_arm64.whl", hash = "sha256:c76aa689989bf9bb9b45535e0a81c6733294df720b0eed1308fa30d2606b98cc", size = 62073456, upload-time = "2026-10-08T09:10:20.202Z" },
]

[[package]]
name = "pyside6-pdf"
version = "6.12.0.140"
source = { registry = "https://pypi.org/simple" }
dependencies = [
    { name = "pyside6-essentials" },
]
wheels = [
    { url = "https://files.pythonhosted.org/packages/58/33/23949c3b48af4b96b618e0502b7313ac52a782615db8dceae5bc2c516831/pyside6_pdf-6.12.0.140-cp310-abi3-macosx_14_0_universal2.whl", hash = "sha256:74287989dd24a82ac1604e27a2d4530a0ab71ff03cdf878c16fdbcf5144373fb", size = 8644803, upload-time = "2026-10-08T09:07:36.716Z" },
    { url = "https://files.pythonhosted.org/packages/b4/f0/9b4f3cb0506641ea53210c7b635703f1c2c1e81c27074438105ff118f8e7/pyside6_pdf-6.12.0.140-cp310-abi3-manylinux_2_34_x86_64.whl", hash = "sha256:0c94370b6b9d65fbfe54f9d6d25df0677db0cdcfd0a842a63958a3603a42007c", size = 2843877, upload-time = "2026-10-08T09:07:39.208Z" },
    { url = "https://files.pythonhosted.org/packages/39/cb/4a8cf3edb3f1b2396935573c02255be75f5605dcc77e9e3a201a6d6f26d7/pyside6_pdf-6.12.0.140-cp310-abi3-manylinux_2_39_aarch64.whl", hash = "sha256:2b63ee1f8ce3d3b2b648be2ebda483dd0fbca8d44c92a6c6f924033ac7fbde8c", size = 2837165, upload-time = "2026-10-08T09:07:40.756Z" },
    { url = "https://files.pythonhosted.org/packages/0e/8a/3f5eab9eb9e6486f0334b100322bbd0aff432dd90ad7977a3910979a163f/pyside6_pdf-6.12.0.140-cp310-abi3-win_amd64.whl", hash = "sha256:4971ba1a0ca15e7c29cfd808e9600aeb46b2305dad01456eb09fa3197166268e", size = 2983516, upload-time = "2026-10-08T09:07:42.312Z" },
    { url = "https://files.pythonhosted.org/packages/b2/87/5c29bdaf47bf0b0cee7f467e86ffeb07be5bf8aa2afd2ff6f0785d0515b4/pyside6_pdf-6.12.0.140-cp310-abi3-win_arm64.whl", hash = "sha256:ce6e4d858df1eb4e2adcbd8ba212f3611ce60f9978881fe10d417f36013a6ff9", size = 2758117, upload-time = "2026-10-08T09:07:43.936Z" },
]

[[package]]
name = "pyside6-webengine"
version = "6.12.0.140"
source = { registry = "https://pypi.org/simple" }
dependencies = [
    { name = "pyside6-addons" },
]
wheels = [
    { url = "https://files.pythonhosted.org/packages/08/37/3b50067bdcba5c22e20a8d7a029c919850c6d94f8398175b330c3b8765ad/pyside6_webengine-6.12.0.140-cp310-abi3-macosx_14_0_universal2.whl", hash = "sha256:9a1de2da360d1817c08e9400a2a2fc5234beb3022a22123e15355169e183074e", size = 249778242, upload-time = "2026-10-08T09:06:03.602Z" },
    { url = "https://files.pythonhosted.org/packages/ce/e0/cb8b68b962afc253709ed61555d0a4f297fd6786c0e77921d2e951504210/pyside6_webengine-6.12.0.140-cp310-abi3-manylinux_2_34_x86_64.whl", hash = "sha256:c041c9921d7c91c9e51a2c027f434d05c3c59baa2c8f17b71dc8194e77791f06", size = 116741921, upload-time = "2026-10-08T09:06:13.408Z" },
    { url = "https://files.pythonhosted.org/packages/1b/34/75944ed126293868fcbcc589fa2254e3310016920e5d32d21c29be021524/pyside6_webengine-6.12.0.140-cp310-abi3-manylinux_2_39_aarch64.whl", hash = "sha256:66a842ccb7f06fa7e357f6d4d63bc2739e3cbc1f93583f314e38c43024fe5f74", size = 114053128, upload-time = "2026-10-08T09:06:21.275Z" },
    { url = "https://files.pythonhosted.org/packages/21/0d/260c7c286f2d4e8a49c099152a385414a872f022117f937824ca0a3f38e5/pyside6_webengine-6.12.0.140-cp310-abi3-win_amd64.whl", hash = "sha256:f9b61b1d457a591ee590a6b80515f25a3e61e2576a2a0a70566380f9d9de4ab0", size = 131697708, upload-time = "2026-10-08T09:06:29.606Z" },
    { url = "https://files.pythonhosted.org/packages/76/34/7a2d1d7b95c96adf173c77d1862c2587789f7afb8754430fcfc2c9e4e47a/pyside6_webengine-6.12.0.140-cp310-abi3-win_arm64.whl", hash = "sha256:44d1fac2a057a71b8f947fc5177a95fab8a0ea4e2fda068f223a00fd0193a8c7", size = 65723, upload-time = "2026-10-08T09:06:32.559Z" },
]

[[package]]
name = "pywin32"
version = "312"
source = { registry = "https://pypi.org/simple" }
wheels = [
    { url = "https://files.pythonhosted.org/packages/eb/61/caa39686032d2ebdd04ff0ab5cbe163126c0066d98e00c9018646e42393b/pywin32-312-cp315-cp315-win32.whl", hash = "sha256:5c1fbe4a937a73ae9297384a3da38518cbc694c68ad8a809b2e19acd350f03ed", size = 6471159, upload-time = "2026-06-04T07:49:50.035Z" },
    { url = "https://files.pythonhosted.org/packages/0f/cd/7e1de64a4a6f69c04214169657ccab0d93a670ea50e35eb8f489d7378249/pywin32-312-cp315-cp315-win_amd64.whl", hash = "sha256:c2f03a0f73f804a13c2735b99392b0cd426bb4f2c4d0178e5ac966a0f21618d5", size = 7025293, upload-time = "2026-06-04T07:49:54.857Z" },
    { url = "https://files.pythonhosted.org/packages/23/ed/4532e9388e65fa16b46776ef47ad631a64eda1631884488af707666350ed/pywin32-312-cp315-cp315-win_arm64.whl", hash = "sha256:a8597d28f267b39074aef51fa593530082b39cbe5a074226096857b1fed2dfb9", size = 6840337, upload-time = "2026-06-04T07:49:57.531Z" },
]

[[package]]
name = "shiboken6"
version = "6.12.0"
source = { registry = "https://pypi.org/simple" }
wheels = [
    { url = "https://files.pythonhosted.org/packages/b5/45/11536fba5f50a57671eb14441c6098096f3e57074e54c9d7d66039a5831e/shiboken6-6.12.0-cp310-abi3-macosx_14_0_universal2.whl", hash = "sha256:47105e05baf57d35453e07d240bbe59cb4b8d9565377ea5134ff9fb37d4f5c02", size = 479653, upload-time = "2026-10-08T09:10:41.506Z" },
    { url = "https://files.pythonhosted.org/packages/49/c2/a04fa003b4360e99d8e3fc2829abacf37396ace63ea1cd616402209ec7c6/shiboken6-6.12.0-cp310-abi3-manylinux_2_34_x86_64.whl", hash = "sha256:3bde565bb0890044b5c7f63808adddede5abc241e9395a2bfed61919884d6240", size = 279268, upload-time = "2026-10-08T09:10:42.982Z" },
    { url = "https://files.pythonhosted.org/packages/97/ca/a4415e6218e0dff764fe2b2d30db2fc8f499a08ace07634232ade3f73adc/shiboken6-6.12.0-cp310-abi3-manylinux_2_39_aarch64.whl", hash = "sha256:ff72a72b3277b418902d562b987b33a6f6818bed9fe40a49d634d09bc67f620e", size = 276562, upload-time = "2026-10-08T09:10:44.25Z" },
    { url = "https://files.pythonhosted.org/packages/2a/b6/bee97e7a2edeab72aafabb46ee5adc939790a638d107860b4cad7a20e407/shiboken6-6.12.0-cp310-abi3-win_amd64.whl", hash = "sha256:a1906cb8116869178c64b6bab52623bbc8b4ceed7b30bfc3c9aa0f6e67f6438e", size = 1265476, upload-time = "2026-10-08T09:10:45.627Z" },
    { url = "https://files.pythonhosted.org/packages/8c/d5/5894d35f8a470ca8acff0d1cd8f15b1c94cbfdfe0ce4a6ec0fcf10b95bd1/shiboken6-6.12.0-cp310-abi3-win_arm64.whl", hash = "sha256:da382e68f0815b31b6dc2bce11a465b148c4f42c37b91546a361de1576567d10", size = 1838851, upload-time = "2026-10-08T09:10:47.123Z" },
]
